{ nixpkgs = { lastModified = 1780453794; lastModifiedDate = "20260603022954"; narHash = "sha256-bXMRa9VTsHSPXL4Cw8R6JJLQeY3Y/IP4+YJCYVmQ7FY="; outPath = "/nix/store/snzg7swkp0vsd2qch9izsbmxnyb13ca0-source"; rev = "6b316287bae2ee04c9b93c8c858d930fd07d7338"; revCount = 0; shortRev = "6b31628"; submodules = false; }; }
